
Microsoft Visual Studio Solution File, Format Version 12.00
# Visual Studio Version 17
VisualStudioVersion = 17.8.34330.188
MinimumVisualStudioVersion = 10.0.40219.1
Project("{FAE04EC0-301F-11D3-BF4B-00C04F79EFBC}") = "test_1", "test_1\test_1.csproj", "{A58804FD-49E5-4F71-B6F6-ADD5F566A4E8}"
EndProject
Global
	GlobalSection(SolutionConfigurationPlatforms) = preSolution
		Debug|Any CPU = Debug|Any CPU
		Release|Any CPU = Release|Any CPU
	EndGlobalSection
	GlobalSection(ProjectConfigurationPlatforms) = postSolution
		{A58804FD-49E5-4F71-B6F6-ADD5F566A4E8}.Debug|Any CPU.ActiveCfg = Debug|Any CPU
		{A58804FD-49E5-4F71-B6F6-ADD5F566A4E8}.Debug|Any CPU.Build.0 = Debug|Any CPU
		{A58804FD-49E5-4F71-B6F6-ADD5F566A4E8}.Release|Any CPU.ActiveCfg = Release|Any CPU
		{A58804FD-49E5-4F71-B6F6-ADD5F566A4E8}.Release|Any CPU.Build.0 = Release|Any CPU
	EndGlobalSection
	GlobalSection(SolutionProperties) = preSolution
		HideSolutionNode = FALSE
	EndGlobalSection
	GlobalSection(ExtensibilityGlobals) = postSolution
		SolutionGuid = {870ADD93-6CBF-4BEB-A7F7-5AB908A30E98}
	EndGlobalSection
EndGlobal
